
Microsoft Visual Studio Solution File, Format Version 12.00
# Visual Studio 15
VisualStudioVersion = 15.0.27004.2009
MinimumVisualStudioVersion = 10.0.40219.1
Project("{9A19103F-16F7-4668-BE54-9A1E7A4F7556}") = "MediatorPattern", "MediatorPattern.csproj", "{8A0733FB-D095-455C-81FF-FBAD34E1DD63}"
EndProject
Project("{FAE04EC0-301F-11D3-BF4B-00C04F79EFBC}") = "MediatorPatternTest", "..\MediatorPatternTest\MediatorPatternTest.csproj", "{066AE43C-0872-4BC4-A82F-1E4D5863C9A6}"
EndProject
Global
	GlobalSection(SolutionConfigurationPlatforms) = preSolution
		Debug|Any CPU = Debug|Any CPU
		Release|Any CPU = Release|Any CPU
	EndGlobalSection
	GlobalSection(ProjectConfigurationPlatforms) = postSolution
		{8A0733FB-D095-455C-81FF-FBAD34E1DD63}.Debug|Any CPU.ActiveCfg = Debug|Any CPU
		{8A0733FB-D095-455C-81FF-FBAD34E1DD63}.Debug|Any CPU.Build.0 = Debug|Any CPU
		{8A0733FB-D095-455C-81FF-FBAD34E1DD63}.Release|Any CPU.ActiveCfg = Release|Any CPU
		{8A0733FB-D095-455C-81FF-FBAD34E1DD63}.Release|Any CPU.Build.0 = Release|Any CPU
		{066AE43C-0872-4BC4-A82F-1E4D5863C9A6}.Debug|Any CPU.ActiveCfg = Debug|Any CPU
		{066AE43C-0872-4BC4-A82F-1E4D5863C9A6}.Debug|Any CPU.Build.0 = Debug|Any CPU
		{066AE43C-0872-4BC4-A82F-1E4D5863C9A6}.Release|Any CPU.ActiveCfg = Release|Any CPU
		{066AE43C-0872-4BC4-A82F-1E4D5863C9A6}.Release|Any CPU.Build.0 = Release|Any CPU
	EndGlobalSection
	GlobalSection(SolutionProperties) = preSolution
		HideSolutionNode = FALSE
	EndGlobalSection
	GlobalSection(ExtensibilityGlobals) = postSolution
		SolutionGuid = {B6B0F5FD-001D-482C-B1D3-07E9DB56E764}
	EndGlobalSection
EndGlobal
